
Microsoft Visual Studio Solution File, Format Version 12.00
# Visual Studio Version 17
VisualStudioVersion = 17.11.35222.181
MinimumVisualStudioVersion = 10.0.40219.1
Project("{8BC9CEB8-8B4A-11D0-8D11-00A0C91BC942}") = "9a", "9a\9a.vcxproj", "{41E10741-523A-4708-9700-E9A07603AF9E}"
EndProject
Global
	GlobalSection(SolutionConfigurationPlatforms) = preSolution
		Debug|x64 = Debug|x64
		Debug|x86 = Debug|x86
		Release|x64 = Release|x64
		Release|x86 = Release|x86
	EndGlobalSection
	GlobalSection(ProjectConfigurationPlatforms) = postSolution
		{41E10741-523A-4708-9700-E9A07603AF9E}.Debug|x64.ActiveCfg = Debug|x64
		{41E10741-523A-4708-9700-E9A07603AF9E}.Debug|x64.Build.0 = Debug|x64
		{41E10741-523A-4708-9700-E9A07603AF9E}.Debug|x86.ActiveCfg = Debug|Win32
		{41E10741-523A-4708-9700-E9A07603AF9E}.Debug|x86.Build.0 = Debug|Win32
		{41E10741-523A-4708-9700-E9A07603AF9E}.Release|x64.ActiveCfg = Release|x64
		{41E10741-523A-4708-9700-E9A07603AF9E}.Release|x64.Build.0 = Release|x64
		{41E10741-523A-4708-9700-E9A07603AF9E}.Release|x86.ActiveCfg = Release|Win32
		{41E10741-523A-4708-9700-E9A07603AF9E}.Release|x86.Build.0 = Release|Win32
	EndGlobalSection
	GlobalSection(SolutionProperties) = preSolution
		HideSolutionNode = FALSE
	EndGlobalSection
	GlobalSection(ExtensibilityGlobals) = postSolution
		SolutionGuid = {D2FE12E4-D0E8-4348-90BD-C3C34F4FCADF}
	EndGlobalSection
EndGlobal
